
Microsoft Visual Studio Solution File, Format Version 12.00
# Visual Studio 15
VisualStudioVersion = 15.0.27130.2027
MinimumVisualStudioVersion = 10.0.40219.1
Project("{8BC9CEB8-8B4A-11D0-8D11-00A0C91BC942}") = "Triangle", "CST116SRS04\CST116SRS04.vcxproj", "{FB71AC9A-B81B-4B36-BDAD-45DD8FE49639}"
EndProject
Project("{2150E333-8FDC-42A3-9474-1A3956D46DE8}") = "Solution Items", "Solution Items", "{36833E0F-16C4-4057-A3AD-55291737F06B}"
	ProjectSection(SolutionItems) = preProject
		README.md = README.md
	EndProjectSection
EndProject
Global
	GlobalSection(SolutionConfigurationPlatforms) = preSolution
		Debug|x64 = Debug|x64
		Debug|x86 = Debug|x86
		Release|x64 = Release|x64
		Release|x86 = Release|x86
	EndGlobalSection
	GlobalSection(ProjectConfigurationPlatforms) = postSolution
		{FB71AC9A-B81B-4B36-BDAD-45DD8FE49639}.Debug|x64.ActiveCfg = Debug|x64
		{FB71AC9A-B81B-4B36-BDAD-45DD8FE49639}.Debug|x64.Build.0 = Debug|x64
		{FB71AC9A-B81B-4B36-BDAD-45DD8FE49639}.Debug|x86.ActiveCfg = Debug|Win32
		{FB71AC9A-B81B-4B36-BDAD-45DD8FE49639}.Debug|x86.Build.0 = Debug|Win32
		{FB71AC9A-B81B-4B36-BDAD-45DD8FE49639}.Release|x64.ActiveCfg = Release|x64
		{FB71AC9A-B81B-4B36-BDAD-45DD8FE49639}.Release|x64.Build.0 = Release|x64
		{FB71AC9A-B81B-4B36-BDAD-45DD8FE49639}.Release|x86.ActiveCfg = Release|Win32
		{FB71AC9A-B81B-4B36-BDAD-45DD8FE49639}.Release|x86.Build.0 = Release|Win32
	EndGlobalSection
	GlobalSection(SolutionProperties) = preSolution
		HideSolutionNode = FALSE
	EndGlobalSection
	GlobalSection(ExtensibilityGlobals) = postSolution
		SolutionGuid = {320A7CF0-F350-418E-930E-042A25521ABE}
	EndGlobalSection
EndGlobal
